
Microsoft Visual Studio Solution File, Format Version 12.00
# Visual Studio Version 17
VisualStudioVersion = 17.6.33723.286
MinimumVisualStudioVersion = 10.0.40219.1
Project("{FAE04EC0-301F-11D3-BF4B-00C04F79EFBC}") = "Task_Datetime", "Task_Datetime\Task_Datetime.csproj", "{0F7A8CDD-AD58-41E4-809E-3953E1C1CE9A}"
EndProject
Project("{FAE04EC0-301F-11D3-BF4B-00C04F79EFBC}") = "Task2_Datetime", "Task2_Datetime\Task2_Datetime.csproj", "{D4744B03-50B9-4F3A-A58C-F4ED67FE395E}"
EndProject
Global
	GlobalSection(SolutionConfigurationPlatforms) = preSolution
		Debug|Any CPU = Debug|Any CPU
		Release|Any CPU = Release|Any CPU
	EndGlobalSection
	GlobalSection(ProjectConfigurationPlatforms) = postSolution
		{0F7A8CDD-AD58-41E4-809E-3953E1C1CE9A}.Debug|Any CPU.ActiveCfg = Debug|Any CPU
		{0F7A8CDD-AD58-41E4-809E-3953E1C1CE9A}.Debug|Any CPU.Build.0 = Debug|Any CPU
		{0F7A8CDD-AD58-41E4-809E-3953E1C1CE9A}.Release|Any CPU.ActiveCfg = Release|Any CPU
		{0F7A8CDD-AD58-41E4-809E-3953E1C1CE9A}.Release|Any CPU.Build.0 = Release|Any CPU
		{D4744B03-50B9-4F3A-A58C-F4ED67FE395E}.Debug|Any CPU.ActiveCfg = Debug|Any CPU
		{D4744B03-50B9-4F3A-A58C-F4ED67FE395E}.Debug|Any CPU.Build.0 = Debug|Any CPU
		{D4744B03-50B9-4F3A-A58C-F4ED67FE395E}.Release|Any CPU.ActiveCfg = Release|Any CPU
		{D4744B03-50B9-4F3A-A58C-F4ED67FE395E}.Release|Any CPU.Build.0 = Release|Any CPU
	EndGlobalSection
	GlobalSection(SolutionProperties) = preSolution
		HideSolutionNode = FALSE
	EndGlobalSection
	GlobalSection(ExtensibilityGlobals) = postSolution
		SolutionGuid = {E812615D-A355-42AF-9056-32182023963C}
	EndGlobalSection
EndGlobal
